
Microsoft Visual Studio Solution File, Format Version 12.00
# Visual Studio Version 17
VisualStudioVersion = 17.2.32630.192
MinimumVisualStudioVersion = 10.0.40219.1
Project("{FAE04EC0-301F-11D3-BF4B-00C04F79EFBC}") = "Ksenya.Android", "Ksenya.Android\Ksenya.Android.csproj", "{0C0DA5A5-0A6E-4CB1-BC75-69970C1EB811}"
EndProject
Project("{FAE04EC0-301F-11D3-BF4B-00C04F79EFBC}") = "Ksenya", "Ksenya\Ksenya.csproj", "{29F543B5-8C79-40A7-AFD8-12BB88F8FAFF}"
EndProject
Global
	GlobalSection(SolutionConfigurationPlatforms) = preSolution
		Debug|Any CPU = Debug|Any CPU
		Release|Any CPU = Release|Any CPU
	EndGlobalSection
	GlobalSection(ProjectConfigurationPlatforms) = postSolution
		{0C0DA5A5-0A6E-4CB1-BC75-69970C1EB811}.Debug|Any CPU.ActiveCfg = Debug|Any CPU
		{0C0DA5A5-0A6E-4CB1-BC75-69970C1EB811}.Debug|Any CPU.Build.0 = Debug|Any CPU
		{0C0DA5A5-0A6E-4CB1-BC75-69970C1EB811}.Debug|Any CPU.Deploy.0 = Debug|Any CPU
		{0C0DA5A5-0A6E-4CB1-BC75-69970C1EB811}.Release|Any CPU.ActiveCfg = Release|Any CPU
		{0C0DA5A5-0A6E-4CB1-BC75-69970C1EB811}.Release|Any CPU.Build.0 = Release|Any CPU
		{0C0DA5A5-0A6E-4CB1-BC75-69970C1EB811}.Release|Any CPU.Deploy.0 = Release|Any CPU
		{29F543B5-8C79-40A7-AFD8-12BB88F8FAFF}.Debug|Any CPU.ActiveCfg = Debug|Any CPU
		{29F543B5-8C79-40A7-AFD8-12BB88F8FAFF}.Debug|Any CPU.Build.0 = Debug|Any CPU
		{29F543B5-8C79-40A7-AFD8-12BB88F8FAFF}.Debug|Any CPU.Deploy.0 = Debug|Any CPU
		{29F543B5-8C79-40A7-AFD8-12BB88F8FAFF}.Release|Any CPU.ActiveCfg = Release|Any CPU
		{29F543B5-8C79-40A7-AFD8-12BB88F8FAFF}.Release|Any CPU.Build.0 = Release|Any CPU
		{29F543B5-8C79-40A7-AFD8-12BB88F8FAFF}.Release|Any CPU.Deploy.0 = Release|Any CPU
	EndGlobalSection
	GlobalSection(SolutionProperties) = preSolution
		HideSolutionNode = FALSE
	EndGlobalSection
	GlobalSection(ExtensibilityGlobals) = postSolution
		SolutionGuid = {A73917B0-5D72-4031-9A97-8EADD73FADF0}
	EndGlobalSection
EndGlobal
